
Microsoft Visual Studio Solution File, Format Version 12.00
# Visual Studio Version 17
VisualStudioVersion = 17.11.35303.130
MinimumVisualStudioVersion = 10.0.40219.1
Project("{FAE04EC0-301F-11D3-BF4B-00C04F79EFBC}") = "sz2", "sz2.csproj", "{C57CFEA0-7676-41C1-A538-87987E09ACED}"
EndProject
Global
	GlobalSection(SolutionConfigurationPlatforms) = preSolution
		Debug|Any CPU = Debug|Any CPU
		Release|Any CPU = Release|Any CPU
	EndGlobalSection
	GlobalSection(ProjectConfigurationPlatforms) = postSolution
		{C57CFEA0-7676-41C1-A538-87987E09ACED}.Debug|Any CPU.ActiveCfg = Debug|Any CPU
		{C57CFEA0-7676-41C1-A538-87987E09ACED}.Debug|Any CPU.Build.0 = Debug|Any CPU
		{C57CFEA0-7676-41C1-A538-87987E09ACED}.Release|Any CPU.ActiveCfg = Release|Any CPU
		{C57CFEA0-7676-41C1-A538-87987E09ACED}.Release|Any CPU.Build.0 = Release|Any CPU
	EndGlobalSection
	GlobalSection(SolutionProperties) = preSolution
		HideSolutionNode = FALSE
	EndGlobalSection
	GlobalSection(ExtensibilityGlobals) = postSolution
		SolutionGuid = {08F11D18-BA3A-455E-9370-2283C2C25100}
	EndGlobalSection
EndGlobal
